<?xml version="1.0" encoding="utf-8"?>
<Project ToolsVersion="4.0" xmlns="http://schemas.microsoft.com/developer/msbuild/2003">
  <ItemGroup>
    <Filter Include="Source Files">
      <UniqueIdentifier>{4FC737F1-C7A5-4376-A066-2A32D752A2FF}</UniqueIdentifier>
      <Extensions>cpp;c;cc;cxx;def;odl;idl;hpj;bat;asm;asmx</Extensions>
    </Filter>
    <Filter Include="Header Files">
      <UniqueIdentifier>{93995380-89BD-4b04-88EB-625FBE52EBFB}</UniqueIdentifier>
      <Extensions>h;hpp;hxx;hm;inl;inc;xsd</Extensions>
    </Filter>
    <Filter Include="Resource Files">
      <UniqueIdentifier>{67DA6AB6-F800-4c08-8B7A-83BB121AAD01}</UniqueIdentifier>
      <Extensions>rc;ico;cur;bmp;dlg;rc2;rct;bin;rgs;gif;jpg;jpeg;jpe;resx;tiff;tif;png;wav;mfcribbon-ms</Extensions>
    </Filter>
    <Filter Include="Driver Files">
      <UniqueIdentifier>{8E41214B-6785-4CFE-B992-037D68949A14}</UniqueIdentifier>
      <Extensions>inf;inv;inx;mof;mc;</Extensions>
    </Filter>
  </ItemGroup>
  <ItemGroup>
    <Inf Include="111.inf">
      <Filter>Driver Files</Filter>
    </Inf>
  </ItemGroup>
  <ItemGroup>
    <ClCompile Include="driver\111.cpp">
      <Filter>Source Files</Filter>
    </ClCompile>
    <ClCompile Include="driver\main.cpp">
      <Filter>Source Files</Filter>
    </ClCompile>
  </ItemGroup>
  <ItemGroup>
    <None Include="gui\Wrapper111.Gui\Wrapper111.Gui.csproj" />
    <None Include="gui\Wrapper111.Gui\App.xaml.cs" />
    <None Include="gui\Wrapper111.Gui\MainWindow.xaml.cs" />
    <None Include="gui\Wrapper111.Gui\DriverClient.cs" />
    <None Include="gui\Wrapper111.Gui\Logger.cs" />
    <None Include="gui\Wrapper111.Gui\SettingsManager.cs" />
    <None Include="gui\Wrapper111.Gui\IDriverClient.cs" />
    <None Include="gui\Wrapper111.Gui\ResourcesHelper.cs" />
    <None Include="gui\Wrapper111.Gui\RelayCommand.cs" />
    <None Include="gui\Wrapper111.Gui\MainWindowViewModel.cs" />
    <None Include="tests\Wrapper111.Tests\Wrapper111.Tests.csproj" />
    <None Include="tests\Wrapper111.Tests\MainWindowViewModelTests.cs" />
    <None Include="packages.config" />
    <None Include="gui\Wrapper111.sln" />
  </ItemGroup>
  <ItemGroup>
    <Page Include="gui\Wrapper111.Gui\App.xaml" />
    <Page Include="gui\Wrapper111.Gui\MainWindow.xaml" />
  </ItemGroup>
  <ItemGroup>
    <Text Include="README.txt" />
  </ItemGroup>
  <ItemGroup>
    <EmbeddedResource Include="gui\Wrapper111.Gui\Resources.resx">
      <Filter>Resource Files</Filter>
    </EmbeddedResource>
    <EmbeddedResource Include="gui\Wrapper111.Gui\Resources.ru-RU.resx">
      <Filter>Resource Files</Filter>
    </EmbeddedResource>
  </ItemGroup>
</Project>